# THIS IS AN AUTOGENERATED FILE. DO NOT EDIT THIS FILE DIRECTLY.
# yarn lockfile v1


"@babel/runtime@^7.4.3":
  version "7.4.5"
  resolved "https://registry.yarnpkg.com/@babel/runtime/-/runtime-7.4.5.tgz#582bb531f5f9dc67d2fcb682979894f75e253f12"
  integrity sha512-TuI4qpWZP6lGOGIuGWtp9sPluqYICmbk8T/1vpSysqJxRPkudh/ofFWyqdcMsDf2s7KvDL4/YHgKyvcS3g9CJQ==
  dependencies:
    regenerator-runtime "^0.13.2"

"@fortawesome/fontawesome-free@^5.9.0":
  version "5.9.0"
  resolved "https://registry.yarnpkg.com/@fortawesome/fontawesome-free/-/fontawesome-free-5.9.0.tgz#1aa5c59efb1b8c6eb6277d1e3e8c8f31998b8c8e"
  integrity sha512-g795BBEzM/Hq2SYNPm/NQTIp3IWd4eXSH0ds87Na2jnrAUFX3wkyZAI4Gwj9DOaWMuz2/01i8oWI7P7T/XLkhg==

"@nuxt/opencollective@^0.2.2":
  version "0.2.2"
  resolved "https://registry.yarnpkg.com/@nuxt/opencollective/-/opencollective-0.2.2.tgz#17adc7d380457379cd14cbb64a435ea196cc4a6e"
  integrity sha512-ie50SpS47L+0gLsW4yP23zI/PtjsDRglyozX2G09jeiUazC1AJlGPZo0JUs9iuCDUoIgsDEf66y7/bSfig0BpA==
  dependencies:
    chalk "^2.4.1"
    consola "^2.3.0"
    node-fetch "^2.3.0"

"@types/cookie@^0.3.1":
  version "0.3.2"
  resolved "https://registry.yarnpkg.com/@types/cookie/-/cookie-0.3.2.tgz#453f4b14b25da6a8ea4494842dedcbf0151deef9"
  integrity sha512-aHQA072E10/8iUQsPH7mQU/KUyQBZAGzTVRCUvnSz8mSvbrYsP4xEO2RSA0Pjltolzi0j8+8ixrm//Hr4umPzw==

"@types/node@>=6":
  version "12.0.4"
  resolved "https://registry.yarnpkg.com/@types/node/-/node-12.0.4.tgz#46832183115c904410c275e34cf9403992999c32"
  integrity sha512-j8YL2C0fXq7IONwl/Ud5Kt0PeXw22zGERt+HSSnwbKOJVsAGkEz3sFCYwaF9IOuoG1HOtE0vKCj6sXF7Q0+Vaw==

"@types/node@^12.6.2":
  version "12.6.2"
  resolved "https://registry.yarnpkg.com/@types/node/-/node-12.6.2.tgz#a5ccec6abb6060d5f20d256fb03ed743e9774999"
  integrity sha512-gojym4tX0FWeV2gsW4Xmzo5wxGjXGm550oVUII7f7G5o4BV6c7DBdiG1RRQd+y1bvqRyYtPfMK85UM95vsapqQ==

"@types/zen-observable@^0.8.0":
  version "0.8.0"
  resolved "https://registry.yarnpkg.com/@types/zen-observable/-/zen-observable-0.8.0.tgz#8b63ab7f1aa5321248aad5ac890a485656dcea4d"
  integrity sha512-te5lMAWii1uEJ4FwLjzdlbw3+n0FZNOvFXHxQDKeT0dilh7HOzdMzV2TrJVUzq8ep7J4Na8OUYPRLSQkJHAlrg==

"@wry/context@^0.4.0":
  version "0.4.2"
  resolved "https://registry.yarnpkg.com/@wry/context/-/context-0.4.2.tgz#eb7fef6ffd0dbcd48f130e88c6a12f43a4cbb62a"
  integrity sha512-P3IsTHNeQLVjy3Bi9eiyqUwSu4Hai9vpzgueJai8wfibr6JPjyM9KVi2b7uixk1py7aGyOU15cBNvD/l1eZ2eg==
  dependencies:
    "@types/node" ">=6"
    tslib "^1.9.3"

"@wry/equality@^0.1.2":
  version "0.1.9"
  resolved "https://registry.yarnpkg.com/@wry/equality/-/equality-0.1.9.tgz#b13e18b7a8053c6858aa6c85b54911fb31e3a909"
  integrity sha512-mB6ceGjpMGz1ZTza8HYnrPGos2mC6So4NhS1PtZ8s4Qt0K7fBiIGhpSxUbQmhwcSWE3no+bYxmI2OL6KuXYmoQ==
  dependencies:
    tslib "^1.9.3"

ansi-styles@^3.2.1:
  version "3.2.1"
  resolved "https://registry.yarnpkg.com/ansi-styles/-/ansi-styles-3.2.1.tgz#41fbb20243e50b12be0f04b8dedbf07520ce841d"
  integrity sha512-VT0ZI6kZRdTh8YyJw3SMbYm/u+NqfsAxEpWO0Pf9sq8/e94WxxOpPKx9FR1FlyCtOVDNOQ+8ntlqFxiRc+r5qA==
  dependencies:
    color-convert "^1.9.0"

apollo-boost@^0.4.3:
  version "0.4.3"
  resolved "https://registry.yarnpkg.com/apollo-boost/-/apollo-boost-0.4.3.tgz#107bd1dd0d349d8e363174ded69612a4aa823c8a"
  integrity sha512-XE7hx4aXRnyZ4OGM8I7DjYq9SYLYWrVBoYpEFsv0GBtfIl6tipyks2Yo2/TEWKw7mhGmi1eFB2F3pbhIZbzKuQ==
  dependencies:
    apollo-cache "^1.3.2"
    apollo-cache-inmemory "^1.6.2"
    apollo-client "^2.6.3"
    apollo-link "^1.0.6"
    apollo-link-error "^1.0.3"
    apollo-link-http "^1.3.1"
    graphql-tag "^2.4.2"
    ts-invariant "^0.4.0"
    tslib "^1.9.3"

apollo-cache-inmemory@^1.6.2:
  version "1.6.2"
  resolved "https://registry.yarnpkg.com/apollo-cache-inmemory/-/apollo-cache-inmemory-1.6.2.tgz#bbf2e4e1eacdf82b2d526f5c2f3b37e5acee3c5e"
  integrity sha512-AyCl3PGFv5Qv1w4N9vlg63GBPHXgMCekZy5mhlS042ji0GW84uTySX+r3F61ZX3+KM1vA4m9hQyctrEGiv5XjQ==
  dependencies:
    apollo-cache "^1.3.2"
    apollo-utilities "^1.3.2"
    optimism "^0.9.0"
    ts-invariant "^0.4.0"
    tslib "^1.9.3"

apollo-cache@1.3.2, apollo-cache@^1.3.2:
  version "1.3.2"
  resolved "https://registry.yarnpkg.com/apollo-cache/-/apollo-cache-1.3.2.tgz#df4dce56240d6c95c613510d7e409f7214e6d26a"
  integrity sha512-+KA685AV5ETEJfjZuviRTEImGA11uNBp/MJGnaCvkgr+BYRrGLruVKBv6WvyFod27WEB2sp7SsG8cNBKANhGLg==
  dependencies:
    apollo-utilities "^1.3.2"
    tslib "^1.9.3"

apollo-client@^2.6.3:
  version "2.6.3"
  resolved "https://registry.yarnpkg.com/apollo-client/-/apollo-client-2.6.3.tgz#9bb2d42fb59f1572e51417f341c5f743798d22db"
  integrity sha512-DS8pmF5CGiiJ658dG+mDn8pmCMMQIljKJSTeMNHnFuDLV0uAPZoeaAwVFiAmB408Ujqt92oIZ/8yJJAwSIhd4A==
  dependencies:
    "@types/zen-observable" "^0.8.0"
    apollo-cache "1.3.2"
    apollo-link "^1.0.0"
    apollo-utilities "1.3.2"
    symbol-observable "^1.0.2"
    ts-invariant "^0.4.0"
    tslib "^1.9.3"
    zen-observable "^0.8.0"

apollo-link-error@^1.0.3:
  version "1.1.10"
  resolved "https://registry.yarnpkg.com/apollo-link-error/-/apollo-link-error-1.1.10.tgz#ce57f0793f0923b598655de5bf5e028d4cf4fba6"
  integrity sha512-itG5UV7mQqaalmRkuRsF0cUS4zW2ja8XCbxkMZnIEeN24X3yoJi5hpJeAaEkXf0KgYNsR0+rmtCQNruWyxDnZQ==
  dependencies:
    apollo-link "^1.2.11"
    apollo-link-http-common "^0.2.13"
    tslib "^1.9.3"

apollo-link-http-common@^0.2.13:
  version "0.2.13"
  resolved "https://registry.yarnpkg.com/apollo-link-http-common/-/apollo-link-http-common-0.2.13.tgz#c688f6baaffdc7b269b2db7ae89dae7c58b5b350"
  integrity sha512-Uyg1ECQpTTA691Fwx5e6Rc/6CPSu4TB4pQRTGIpwZ4l5JDOQ+812Wvi/e3IInmzOZpwx5YrrOfXrtN8BrsDXoA==
  dependencies:
    apollo-link "^1.2.11"
    ts-invariant "^0.3.2"
    tslib "^1.9.3"

apollo-link-http@^1.3.1:
  version "1.5.14"
  resolved "https://registry.yarnpkg.com/apollo-link-http/-/apollo-link-http-1.5.14.tgz#ed6292248d1819ccd16523e346d35203a1b31109"
  integrity sha512-XEoPXmGpxFG3wioovgAlPXIarWaW4oWzt8YzjTYZ87R4R7d1A3wKR/KcvkdMV1m5G7YSAHcNkDLe/8hF2nH6cg==
  dependencies:
    apollo-link "^1.2.11"
    apollo-link-http-common "^0.2.13"
    tslib "^1.9.3"

apollo-link@^1.0.0, apollo-link@^1.0.6, apollo-link@^1.2.11:
  version "1.2.11"
  resolved "https://registry.yarnpkg.com/apollo-link/-/apollo-link-1.2.11.tgz#493293b747ad3237114ccd22e9f559e5e24a194d"
  integrity sha512-PQvRCg13VduLy3X/0L79M6uOpTh5iHdxnxYuo8yL7sJlWybKRJwsv4IcRBJpMFbChOOaHY7Og9wgPo6DLKDKDA==
  dependencies:
    apollo-utilities "^1.2.1"
    ts-invariant "^0.3.2"
    tslib "^1.9.3"
    zen-observable-ts "^0.8.18"

apollo-utilities@1.3.2, apollo-utilities@^1.3.2:
  version "1.3.2"
  resolved "https://registry.yarnpkg.com/apollo-utilities/-/apollo-utilities-1.3.2.tgz#8cbdcf8b012f664cd6cb5767f6130f5aed9115c9"
  integrity sha512-JWNHj8XChz7S4OZghV6yc9FNnzEXj285QYp/nLNh943iObycI5GTDO3NGR9Dth12LRrSFMeDOConPfPln+WGfg==
  dependencies:
    "@wry/equality" "^0.1.2"
    fast-json-stable-stringify "^2.0.0"
    ts-invariant "^0.4.0"
    tslib "^1.9.3"

apollo-utilities@^1.2.1:
  version "1.2.1"
  resolved "https://registry.yarnpkg.com/apollo-utilities/-/apollo-utilities-1.2.1.tgz#1c3a1ebf5607d7c8efe7636daaf58e7463b41b3c"
  integrity sha512-Zv8Udp9XTSFiN8oyXOjf6PMHepD4yxxReLsl6dPUy5Ths7jti3nmlBzZUOxuTWRwZn0MoclqL7RQ5UEJN8MAxg==
  dependencies:
    fast-json-stable-stringify "^2.0.0"
    ts-invariant "^0.2.1"
    tslib "^1.9.3"

asynckit@^0.4.0:
  version "0.4.0"
  resolved "https://registry.yarnpkg.com/asynckit/-/asynckit-0.4.0.tgz#c79ed97f7f34cb8f2ba1bc9790bcc366474b4b79"
  integrity sha1-x57Zf380y48robyXkLzDZkdLS3k=

axios@^0.19.0:
  version "0.19.0"
  resolved "https://registry.yarnpkg.com/axios/-/axios-0.19.0.tgz#8e09bff3d9122e133f7b8101c8fbdd00ed3d2ab8"
  integrity sha512-1uvKqKQta3KBxIz14F2v06AEHZ/dIoeKfbTRkK1E5oqjDnuEerLmYTgJB5AiQZHJcljpg1TuRzdjDR06qNk0DQ==
  dependencies:
    follow-redirects "1.5.10"
    is-buffer "^2.0.2"

babel-loader@^8.0.5:
  version "8.0.6"
  resolved "https://registry.yarnpkg.com/babel-loader/-/babel-loader-8.0.6.tgz#e33bdb6f362b03f4bb141a0c21ab87c501b70dfb"
  integrity sha512-4BmWKtBOBm13uoUwd08UwjZlaw3O9GWf456R9j+5YykFZ6LUIjIKLc0zEZf+hauxPOJs96C8k6FvYD09vWzhYw==
  dependencies:
    find-cache-dir "^2.0.0"
    loader-utils "^1.0.2"
    mkdirp "^0.5.1"
    pify "^4.0.1"

big.js@^5.2.2:
  version "5.2.2"
  resolved "https://registry.yarnpkg.com/big.js/-/big.js-5.2.2.tgz#65f0af382f578bcdc742bd9c281e9cb2d7768328"
  integrity sha512-vyL2OymJxmarO8gxMr0mhChsO9QGwhynfuu4+MHTAW6czfq9humCB7rKpUjDd9YUiDPU4mzpyupFSvOClAwbmQ==

bootstrap-vue@^2.0.0-rc.22:
  version "2.0.0-rc.22"
  resolved "https://registry.yarnpkg.com/bootstrap-vue/-/bootstrap-vue-2.0.0-rc.22.tgz#12c5148228c669c7eb28d27f82b6814f2bc37d60"
  integrity sha512-QA363prZJZ5HFzAPAlj93yy7FLOwPU0P465kaz8l9COa5t5q5az2X+lMgmlp5c1Fe8yBUhc316KM1itbJqzVUg==
  dependencies:
    "@nuxt/opencollective" "^0.2.2"
    bootstrap "^4.3.1"
    core-js ">=2.6.5 <3.0.0"
    popper.js "^1.15.0"
    portal-vue "^2.1.4"
    vue-functional-data-merge "^2.0.7"

bootstrap@^4.3.1:
  version "4.3.1"
  resolved "https://registry.yarnpkg.com/bootstrap/-/bootstrap-4.3.1.tgz#280ca8f610504d99d7b6b4bfc4b68cec601704ac"
  integrity sha512-rXqOmH1VilAt2DyPzluTi2blhk17bO7ef+zLLPlWvG494pDxcM234pJ8wTc/6R40UWizAIIMgxjvxZg5kmsbag==

chalk@^2.4.1:
  version "2.4.2"
  resolved "https://registry.yarnpkg.com/chalk/-/chalk-2.4.2.tgz#cd42541677a54333cf541a49108c1432b44c9424"
  integrity sha512-Mti+f9lpJNcwF4tWV8/OrTTtF1gZi+f8FqlyAdouralcFWFQWF2+NgCHShjkCb+IFBLq9buZwE1xckQU4peSuQ==
  dependencies:
    ansi-styles "^3.2.1"
    escape-string-regexp "^1.0.5"
    supports-color "^5.3.0"

color-convert@^1.9.0:
  version "1.9.3"
  resolved "https://registry.yarnpkg.com/color-convert/-/color-convert-1.9.3.tgz#bb71850690e1f136567de629d2d5471deda4c1e8"
  integrity sha512-QfAUtd+vFdAtFQcC8CCyYt1fYWxSqAiK2cSD6zDB8N3cpsEBAvRxp9zOGg6G/SHHJYAT88/az/IuDGALsNVbGg==
  dependencies:
    color-name "1.1.3"

color-name@1.1.3:
  version "1.1.3"
  resolved "https://registry.yarnpkg.com/color-name/-/color-name-1.1.3.tgz#a7d0558bd89c42f795dd42328f740831ca53bc25"
  integrity sha1-p9BVi9icQveV3UIyj3QIMcpTvCU=

combined-stream@^1.0.6:
  version "1.0.8"
  resolved "https://registry.yarnpkg.com/combined-stream/-/combined-stream-1.0.8.tgz#c3d45a8b34fd730631a110a8a2520682b31d5a7f"
  integrity sha512-FQN4MRfuJeHf7cBbBMJFXhKSDq+2kAArBlmRBvcvFE5BB1HZKXtSFASDhdlz9zOYwxh8lDdnvmMOe/+5cdoEdg==
  dependencies:
    delayed-stream "~1.0.0"

commondir@^1.0.1:
  version "1.0.1"
  resolved "https://registry.yarnpkg.com/commondir/-/commondir-1.0.1.tgz#ddd800da0c66127393cca5950ea968a3aaf1253b"
  integrity sha1-3dgA2gxmEnOTzKWVDqloo6rxJTs=

consola@^2.3.0:
  version "2.6.1"
  resolved "https://registry.yarnpkg.com/consola/-/consola-2.6.1.tgz#d2f2bee385b5dba11907e4e0d17fc563d5fb9fa6"
  integrity sha512-vt35owQG6OxYDJVaViQ4aFgOK+b98hIvs+R5CWkKgpO8rTPyaYwlMadZ7oZcjnWz1/+u4czDnrcogFr5AtrRug==

cookie-universal@^2.0.16:
  version "2.0.16"
  resolved "https://registry.yarnpkg.com/cookie-universal/-/cookie-universal-2.0.16.tgz#ec8b55789b502a377ef02ad230923c1dfa5c1061"
  integrity sha512-EHtQ5Tg3UoUHG7LmeV3rlV3iYthkhUuYZ0y86EseypxGcUuvzxuHExEb6mHKDhDPrIrdewAHdG/aCHuG/T4zEg==
  dependencies:
    "@types/cookie" "^0.3.1"
    cookie "^0.3.1"

cookie@^0.3.1:
  version "0.3.1"
  resolved "https://registry.yarnpkg.com/cookie/-/cookie-0.3.1.tgz#e7e0a1f9ef43b4c8ba925c5c5a96e806d16873bb"
  integrity sha1-5+Ch+e9DtMi6klxcWpboBtFoc7s=

"core-js@>=2.6.5 <3.0.0":
  version "2.6.5"
  resolved "https://registry.yarnpkg.com/core-js/-/core-js-2.6.5.tgz#44bc8d249e7fb2ff5d00e0341a7ffb94fbf67895"
  integrity sha512-klh/kDpwX8hryYL14M9w/xei6vrv6sE8gTHDG7/T/+SEovB/G4ejwcfE/CBzO6Edsu+OETZMZ3wcX/EjUkrl5A==

debug@=3.1.0:
  version "3.1.0"
  resolved "https://registry.yarnpkg.com/debug/-/debug-3.1.0.tgz#5bb5a0672628b64149566ba16819e61518c67261"
  integrity sha512-OX8XqP7/1a9cqkxYw2yXss15f26NKWBpDXQd0/uK/KPqdQhxbPa994hnzjcE2VqQpDslf55723cKPUOGSmMY3g==
  dependencies:
    ms "2.0.0"

delayed-stream@~1.0.0:
  version "1.0.0"
  resolved "https://registry.yarnpkg.com/delayed-stream/-/delayed-stream-1.0.0.tgz#df3ae199acadfb7d440aaae0b29e2272b24ec619"
  integrity sha1-3zrhmayt+31ECqrgsp4icrJOxhk=

emojis-list@^2.0.0:
  version "2.1.0"
  resolved "https://registry.yarnpkg.com/emojis-list/-/emojis-list-2.1.0.tgz#4daa4d9db00f9819880c79fa457ae5b09a1fd389"
  integrity sha1-TapNnbAPmBmIDHn6RXrlsJof04k=

encoding@^0.1.11:
  version "0.1.12"
  resolved "https://registry.yarnpkg.com/encoding/-/encoding-0.1.12.tgz#538b66f3ee62cd1ab51ec323829d1f9480c74beb"
  integrity sha1-U4tm8+5izRq1HsMjgp0flIDHS+s=
  dependencies:
    iconv-lite "~0.4.13"

escape-string-regexp@^1.0.5:
  version "1.0.5"
  resolved "https://registry.yarnpkg.com/escape-string-regexp/-/escape-string-regexp-1.0.5.tgz#1b61c0562190a8dff6ae3bb2cf0200ca130b86d4"
  integrity sha1-G2HAViGQqN/2rjuyzwIAyhMLhtQ=

fast-json-stable-stringify@^2.0.0:
  version "2.0.0"
  resolved "https://registry.yarnpkg.com/fast-json-stable-stringify/-/fast-json-stable-stringify-2.0.0.tgz#d5142c0caee6b1189f87d3a76111064f86c8bbf2"
  integrity sha1-1RQsDK7msRifh9OnYREGT4bIu/I=

find-cache-dir@^2.0.0:
  version "2.1.0"
  resolved "https://registry.yarnpkg.com/find-cache-dir/-/find-cache-dir-2.1.0.tgz#8d0f94cd13fe43c6c7c261a0d86115ca918c05f7"
  integrity sha512-Tq6PixE0w/VMFfCgbONnkiQIVol/JJL7nRMi20fqzA4NRs9AfeqMGeRdPi3wIhYkxjeBaWh2rxwapn5Tu3IqOQ==
  dependencies:
    commondir "^1.0.1"
    make-dir "^2.0.0"
    pkg-dir "^3.0.0"

find-up@^3.0.0:
  version "3.0.0"
  resolved "https://registry.yarnpkg.com/find-up/-/find-up-3.0.0.tgz#49169f1d7993430646da61ecc5ae355c21c97b73"
  integrity sha512-1yD6RmLI1XBfxugvORwlck6f75tYL+iR0jqwsOrOxMZyGYqUuDhJ0l4AXdO1iX/FTs9cBAMEk1gWSEx1kSbylg==
  dependencies:
    locate-path "^3.0.0"

follow-redirects@1.5.10:
  version "1.5.10"
  resolved "https://registry.yarnpkg.com/follow-redirects/-/follow-redirects-1.5.10.tgz#7b7a9f9aea2fdff36786a94ff643ed07f4ff5e2a"
  integrity sha512-0V5l4Cizzvqt5D44aTXbFZz+FtyXV1vrDN6qrelxtfYQKW0KO0W2T/hkE8xvGa/540LkZlkaUjO4ailYTFtHVQ==
  dependencies:
    debug "=3.1.0"

form-data@^2.3.3:
  version "2.3.3"
  resolved "https://registry.yarnpkg.com/form-data/-/form-data-2.3.3.tgz#dcce52c05f644f298c6a7ab936bd724ceffbf3a6"
  integrity sha512-1lLKB2Mu3aGP1Q/2eCOx0fNbRMe7XdwktwOruhfqqd0rIJWwN4Dh+E3hrPSlDCXnSR7UtZ1N38rVXm+6+MEhJQ==
  dependencies:
    asynckit "^0.4.0"
    combined-stream "^1.0.6"
    mime-types "^2.1.12"

graphql-tag@^2.4.2:
  version "2.10.1"
  resolved "https://registry.yarnpkg.com/graphql-tag/-/graphql-tag-2.10.1.tgz#10aa41f1cd8fae5373eaf11f1f67260a3cad5e02"
  integrity sha512-jApXqWBzNXQ8jYa/HLkZJaVw9jgwNqZkywa2zfFn16Iv1Zb7ELNHkJaXHR7Quvd5SIGsy6Ny7SUKATgnu05uEg==

graphql@^14.0.0-rc.1:
  version "14.3.1"
  resolved "https://registry.yarnpkg.com/graphql/-/graphql-14.3.1.tgz#b3aa50e61a841ada3c1f9ccda101c483f8e8c807"
  integrity sha512-FZm7kAa3FqKdXy8YSSpAoTtyDFMIYSpCDOr+3EqlI1bxmtHu+Vv/I2vrSeT1sBOEnEniX3uo4wFhFdS/8XN6gA==
  dependencies:
    iterall "^1.2.2"

graphql@^14.4.2:
  version "14.4.2"
  resolved "https://registry.yarnpkg.com/graphql/-/graphql-14.4.2.tgz#553a7d546d524663eda49ed6df77577be3203ae3"
  integrity sha512-6uQadiRgnpnSS56hdZUSvFrVcQ6OF9y6wkxJfKquFtHlnl7+KSuWwSJsdwiK1vybm1HgcdbpGkCpvhvsVQ0UZQ==
  dependencies:
    iterall "^1.2.2"

hammerjs@^2.0.8:
  version "2.0.8"
  resolved "https://registry.yarnpkg.com/hammerjs/-/hammerjs-2.0.8.tgz#04ef77862cff2bb79d30f7692095930222bf60f1"
  integrity sha1-BO93hiz/K7edMPdpIJWTAiK/YPE=

has-flag@^3.0.0:
  version "3.0.0"
  resolved "https://registry.yarnpkg.com/has-flag/-/has-flag-3.0.0.tgz#b5d454dc2199ae225699f3467e5a07f3b955bafd"
  integrity sha1-tdRU3CGZriJWmfNGfloH87lVuv0=

iconv-lite@~0.4.13:
  version "0.4.24"
  resolved "https://registry.yarnpkg.com/iconv-lite/-/iconv-lite-0.4.24.tgz#2022b4b25fbddc21d2f524974a474aafe733908b"
  integrity sha512-v3MXnZAcvnywkTUEZomIActle7RXXeedOR31wwl7VlyoXO4Qi9arvSenNQWne1TcRwhCL1HwLI21bEqdpj8/rA==
  dependencies:
    safer-buffer ">= 2.1.2 < 3"

is-buffer@^2.0.2:
  version "2.0.3"
  resolved "https://registry.yarnpkg.com/is-buffer/-/is-buffer-2.0.3.tgz#4ecf3fcf749cbd1e472689e109ac66261a25e725"
  integrity sha512-U15Q7MXTuZlrbymiz95PJpZxu8IlipAp4dtS3wOdgPXx3mqBnslrWU14kxfHB+Py/+2PVKSr37dMAgM2A4uArw==

is-stream@^1.0.1:
  version "1.1.0"
  resolved "https://registry.yarnpkg.com/is-stream/-/is-stream-1.1.0.tgz#12d4a3dd4e68e0b79ceb8dbc84173ae80d91ca44"
  integrity sha1-EtSj3U5o4Lec6428hBc66A2RykQ=

isomorphic-fetch@^2.2.1:
  version "2.2.1"
  resolved "https://registry.yarnpkg.com/isomorphic-fetch/-/isomorphic-fetch-2.2.1.tgz#611ae1acf14f5e81f729507472819fe9733558a9"
  integrity sha1-YRrhrPFPXoH3KVB0coGf6XM1WKk=
  dependencies:
    node-fetch "^1.0.1"
    whatwg-fetch ">=0.10.0"

iterall@^1.2.2:
  version "1.2.2"
  resolved "https://registry.yarnpkg.com/iterall/-/iterall-1.2.2.tgz#92d70deb8028e0c39ff3164fdbf4d8b088130cd7"
  integrity sha512-yynBb1g+RFUPY64fTrFv7nsjRrENBQJaX2UL+2Szc9REFrSNm1rpSXHGzhmAy7a9uv3vlvgBlXnf9RqmPH1/DA==

json5@^1.0.1:
  version "1.0.1"
  resolved "https://registry.yarnpkg.com/json5/-/json5-1.0.1.tgz#779fb0018604fa854eacbf6252180d83543e3dbe"
  integrity sha512-aKS4WQjPenRxiQsC93MNfjx+nbF4PAdYzmd/1JIj8HYzqfbu86beTuNgXDzPknWk0n0uARlyewZo4s++ES36Ow==
  dependencies:
    minimist "^1.2.0"

loader-utils@^1.0.2, loader-utils@^1.1.0:
  version "1.2.3"
  resolved "https://registry.yarnpkg.com/loader-utils/-/loader-utils-1.2.3.tgz#1ff5dc6911c9f0a062531a4c04b609406108c2c7"
  integrity sha512-fkpz8ejdnEMG3s37wGL07iSBDg99O9D5yflE9RGNH3hRdx9SOwYfnGYdZOUIZitN8E+E2vkq3MUMYMvPYl5ZZA==
  dependencies:
    big.js "^5.2.2"
    emojis-list "^2.0.0"
    json5 "^1.0.1"

locate-path@^3.0.0:
  version "3.0.0"
  resolved "https://registry.yarnpkg.com/locate-path/-/locate-path-3.0.0.tgz#dbec3b3ab759758071b58fe59fc41871af21400e"
  integrity sha512-7AO748wWnIhNqAuaty2ZWHkQHRSNfPVIsPIfwEOWO22AmaoVrWavlOcMR5nzTLNYvp36X220/maaRsrec1G65A==
  dependencies:
    p-locate "^3.0.0"
    path-exists "^3.0.0"

lodash@^4.17.11, lodash@~4.17.11:
  version "4.17.11"
  resolved "https://registry.yarnpkg.com/lodash/-/lodash-4.17.11.tgz#b39ea6229ef607ecd89e2c8df12536891cac9b8d"
  integrity sha512-cQKh8igo5QUhZ7lg38DYWAxMvjSAKG0A8wGSVimP07SIUEK2UO+arSRKbRZWtelMtN5V0Hkwh5ryOto/SshYIg==

lodash@^4.17.14:
  version "4.17.14"
  resolved "https://registry.yarnpkg.com/lodash/-/lodash-4.17.14.tgz#9ce487ae66c96254fe20b599f21b6816028078ba"
  integrity sha512-mmKYbW3GLuJeX+iGP+Y7Gp1AiGHGbXHCOh/jZmrawMmsE7MS4znI3RL2FsjbqOyMayHInjOeykW7PEajUk1/xw==

make-dir@^2.0.0:
  version "2.1.0"
  resolved "https://registry.yarnpkg.com/make-dir/-/make-dir-2.1.0.tgz#5f0310e18b8be898cc07009295a30ae41e91e6f5"
  integrity sha512-LS9X+dc8KLxXCb8dni79fLIIUA5VyZoyjSMCwTluaXA0o27cCK0bhXkpgw+sTXVpPy/lSO57ilRixqk0vDmtRA==
  dependencies:
    pify "^4.0.1"
    semver "^5.6.0"

mime-db@1.40.0:
  version "1.40.0"
  resolved "https://registry.yarnpkg.com/mime-db/-/mime-db-1.40.0.tgz#a65057e998db090f732a68f6c276d387d4126c32"
  integrity sha512-jYdeOMPy9vnxEqFRRo6ZvTZ8d9oPb+k18PKoYNYUe2stVEBPPwsln/qWzdbmaIvnhZ9v2P+CuecK+fpUfsV2mA==

mime-types@^2.1.12:
  version "2.1.24"
  resolved "https://registry.yarnpkg.com/mime-types/-/mime-types-2.1.24.tgz#b6f8d0b3e951efb77dedeca194cff6d16f676f81"
  integrity sha512-WaFHS3MCl5fapm3oLxU4eYDw77IQM2ACcxQ9RIxfaC3ooc6PFuBMGZZsYpvoXS5D5QTWPieo1jjLdAm3TBP3cQ==
  dependencies:
    mime-db "1.40.0"

minimist@0.0.8:
  version "0.0.8"
  resolved "https://registry.yarnpkg.com/minimist/-/minimist-0.0.8.tgz#857fcabfc3397d2625b8228262e86aa7a011b05d"
  integrity sha1-hX/Kv8M5fSYluCKCYuhqp6ARsF0=

minimist@^1.2.0:
  version "1.2.0"
  resolved "https://registry.yarnpkg.com/minimist/-/minimist-1.2.0.tgz#a35008b20f41383eec1fb914f4cd5df79a264284"
  integrity sha1-o1AIsg9BOD7sH7kU9M1d95omQoQ=

mkdirp@^0.5.1:
  version "0.5.1"
  resolved "https://registry.yarnpkg.com/mkdirp/-/mkdirp-0.5.1.tgz#30057438eac6cf7f8c4767f38648d6697d75c903"
  integrity sha1-MAV0OOrGz3+MR2fzhkjWaX11yQM=
  dependencies:
    minimist "0.0.8"

ms@2.0.0:
  version "2.0.0"
  resolved "https://registry.yarnpkg.com/ms/-/ms-2.0.0.tgz#5608aeadfc00be6c2901df5f9861788de0d597c8"
  integrity sha1-VgiurfwAvmwpAd9fmGF4jeDVl8g=

node-fetch@^1.0.1:
  version "1.7.3"
  resolved "https://registry.yarnpkg.com/node-fetch/-/node-fetch-1.7.3.tgz#980f6f72d85211a5347c6b2bc18c5b84c3eb47ef"
  integrity sha512-NhZ4CsKx7cYm2vSrBAr2PvFOe6sWDf0UYLRqA6svUYg7+/TSfVAu49jYC4BvQ4Sms9SZgdqGBgroqfDhJdTyKQ==
  dependencies:
    encoding "^0.1.11"
    is-stream "^1.0.1"

node-fetch@^2.3.0:
  version "2.5.0"
  resolved "https://registry.yarnpkg.com/node-fetch/-/node-fetch-2.5.0.tgz#8028c49fc1191bba56a07adc6e2a954644a48501"
  integrity sha512-YuZKluhWGJwCcUu4RlZstdAxr8bFfOVHakc1mplwHkk8J+tqM1Y5yraYvIUpeX8aY7+crCwiELJq7Vl0o0LWXw==

omit-deep-lodash@^1.1.4:
  version "1.1.4"
  resolved "https://registry.yarnpkg.com/omit-deep-lodash/-/omit-deep-lodash-1.1.4.tgz#7f34abef077047f6aeb6968603bb03d4dbdba089"
  integrity sha512-5ge7dBDVDYEU8YiqYlKxjsVesB3wqXejgluGx+9Xd8+PJH7VEEK9D4Pqpq7VE0ZtQh9HBz0LMNRk1BA3+bsd4Q==
  dependencies:
    lodash "~4.17.11"

optimism@^0.9.0:
  version "0.9.5"
  resolved "https://registry.yarnpkg.com/optimism/-/optimism-0.9.5.tgz#b8b5dc9150e97b79ddbf2d2c6c0e44de4d255527"
  integrity sha512-lNvmuBgONAGrUbj/xpH69FjMOz1d0jvMNoOCKyVynUPzq2jgVlGL4jFYJqrUHzUfBv+jAFSCP61x5UkfbduYJA==
  dependencies:
    "@wry/context" "^0.4.0"

p-limit@^2.0.0:
  version "2.2.0"
  resolved "https://registry.yarnpkg.com/p-limit/-/p-limit-2.2.0.tgz#417c9941e6027a9abcba5092dd2904e255b5fbc2"
  integrity sha512-pZbTJpoUsCzV48Mc9Nh51VbwO0X9cuPFE8gYwx9BTCt9SF8/b7Zljd2fVgOxhIF/HDTKgpVzs+GPhyKfjLLFRQ==
  dependencies:
    p-try "^2.0.0"

p-locate@^3.0.0:
  version "3.0.0"
  resolved "https://registry.yarnpkg.com/p-locate/-/p-locate-3.0.0.tgz#322d69a05c0264b25997d9f40cd8a891ab0064a4"
  integrity sha512-x+12w/To+4GFfgJhBEpiDcLozRJGegY+Ei7/z0tSLkMmxGZNybVMSfWj9aJn8Z5Fc7dBUNJOOVgPv2H7IwulSQ==
  dependencies:
    p-limit "^2.0.0"

p-try@^2.0.0:
  version "2.2.0"
  resolved "https://registry.yarnpkg.com/p-try/-/p-try-2.2.0.tgz#cb2868540e313d61de58fafbe35ce9004d5540e6"
  integrity sha512-R4nPAVTAU0B9D35/Gk3uJf/7XYbQcyohSKdvAxIRSNghFl4e71hVoGnBNQz9cWaXxO2I10KTC+3jMdvvoKw6dQ==

path-exists@^3.0.0:
  version "3.0.0"
  resolved "https://registry.yarnpkg.com/path-exists/-/path-exists-3.0.0.tgz#ce0ebeaa5f78cb18925ea7d810d7b59b010fd515"
  integrity sha1-zg6+ql94yxiSXqfYENe1mwEP1RU=

pify@^4.0.1:
  version "4.0.1"
  resolved "https://registry.yarnpkg.com/pify/-/pify-4.0.1.tgz#4b2cd25c50d598735c50292224fd8c6df41e3231"
  integrity sha512-uB80kBFb/tfd68bVleG9T5GGsGPjJrLAUpR5PZIrhBnIaRTQRjqdJSsIKkOP6OAIFbj7GOrcudc5pNjZ+geV2g==

pkg-dir@^3.0.0:
  version "3.0.0"
  resolved "https://registry.yarnpkg.com/pkg-dir/-/pkg-dir-3.0.0.tgz#2749020f239ed990881b1f71210d51eb6523bea3"
  integrity sha512-/E57AYkoeQ25qkxMj5PBOVgF8Kiu/h7cYS30Z5+R7WaiCCBfLq58ZI/dSeaEKb9WVJV5n/03QwrN3IeWIFllvw==
  dependencies:
    find-up "^3.0.0"

popper.js@^1.15.0:
  version "1.15.0"
  resolved "https://registry.yarnpkg.com/popper.js/-/popper.js-1.15.0.tgz#5560b99bbad7647e9faa475c6b8056621f5a4ff2"
  integrity sha512-w010cY1oCUmI+9KwwlWki+r5jxKfTFDVoadl7MSrIujHU5MJ5OR6HTDj6Xo8aoR/QsA56x8jKjA59qGH4ELtrA==

portal-vue@^2.1.4:
  version "2.1.4"
  resolved "https://registry.yarnpkg.com/portal-vue/-/portal-vue-2.1.4.tgz#1fc679d77e294dc8d026f1eb84aa467de11b392e"
  integrity sha512-Mr2h+RvoOOGHS7N0E3QPP+UQMt1OhSjQ7eMSGTXqkLiO0AjGEDw2x4kzmHATsZfDqQumiaYSDRzlUP2By3lvsA==

regenerator-runtime@^0.13.2:
  version "0.13.2"
  resolved "https://registry.yarnpkg.com/regenerator-runtime/-/regenerator-runtime-0.13.2.tgz#32e59c9a6fb9b1a4aff09b4930ca2d4477343447"
  integrity sha512-S/TQAZJO+D3m9xeN1WTI8dLKBBiRgXBlTJvbWjCThHWZj9EvHK70Ff50/tYj2J/fvBY6JtFVwRuazHN2E7M9BA==

"safer-buffer@>= 2.1.2 < 3":
  version "2.1.2"
  resolved "https://registry.yarnpkg.com/safer-buffer/-/safer-buffer-2.1.2.tgz#44fa161b0187b9549dd84bb91802f9bd8385cd6a"
  integrity sha512-YZo3K82SD7Riyi0E1EQPojLz7kpepnSQI9IyPbHHg1XXXevb5dJI7tpyN2ADxGcQbHG7vcyRHk0cbwqcQriUtg==

semver@^5.6.0:
  version "5.7.0"
  resolved "https://registry.yarnpkg.com/semver/-/semver-5.7.0.tgz#790a7cf6fea5459bac96110b29b60412dc8ff96b"
  integrity sha512-Ya52jSX2u7QKghxeoFGpLwCtGlt7j0oY9DYb5apt9nPlJ42ID+ulTXESnt/qAQcoSERyZ5sl3LDIOw0nAn/5DA==

supports-color@^5.3.0:
  version "5.5.0"
  resolved "https://registry.yarnpkg.com/supports-color/-/supports-color-5.5.0.tgz#e2e69a44ac8772f78a1ec0b35b689df6530efc8f"
  integrity sha512-QjVjwdXIt408MIiAqCX4oUKsgU2EqAGzs2Ppkm4aQYbjm+ZEWEcW4SfFNTr4uMNZma0ey4f5lgLrkB0aX0QMow==
  dependencies:
    has-flag "^3.0.0"

symbol-observable@^1.0.2:
  version "1.2.0"
  resolved "https://registry.yarnpkg.com/symbol-observable/-/symbol-observable-1.2.0.tgz#c22688aed4eab3cdc2dfeacbb561660560a00804"
  integrity sha512-e900nM8RRtGhlV36KGEU9k65K3mPb1WV70OdjfxlG2EAuM1noi/E/BaW/uMhL7bPEssK8QV57vN3esixjUvcXQ==

tb-skeleton@^0.3.6:
  version "0.3.6"
  resolved "https://registry.yarnpkg.com/tb-skeleton/-/tb-skeleton-0.3.6.tgz#51ef0a47da9f7751b997003d3ed5691287035d31"
  integrity sha512-mK47E7II/dMdwt1n7XtAqYO6Y2B6f7ttNVvsNuSSjE+obTQDjNoJxIINpzAHB08WW8EK4IXcmr0Mq5HvXFrfSQ==

ts-invariant@^0.2.1:
  version "0.2.1"
  resolved "https://registry.yarnpkg.com/ts-invariant/-/ts-invariant-0.2.1.tgz#3d587f9d6e3bded97bf9ec17951dd9814d5a9d3f"
  integrity sha512-Z/JSxzVmhTo50I+LKagEISFJW3pvPCqsMWLamCTX8Kr3N5aMrnGOqcflbe5hLUzwjvgPfnLzQtHZv0yWQ+FIHg==
  dependencies:
    tslib "^1.9.3"

ts-invariant@^0.3.2:
  version "0.3.3"
  resolved "https://registry.yarnpkg.com/ts-invariant/-/ts-invariant-0.3.3.tgz#b5742b1885ecf9e29c31a750307480f045ec0b16"
  integrity sha512-UReOKsrJFGC9tUblgSRWo+BsVNbEd77Cl6WiV/XpMlkifXwNIJbknViCucHvVZkXSC/mcWeRnIGdY7uprcwvdQ==
  dependencies:
    tslib "^1.9.3"

ts-invariant@^0.4.0:
  version "0.4.2"
  resolved "https://registry.yarnpkg.com/ts-invariant/-/ts-invariant-0.4.2.tgz#8685131b8083e67c66d602540e78763408be9113"
  integrity sha512-PTAAn8lJPEdRBJJEs4ig6MVZWfO12yrFzV7YaPslmyhG7+4MA279y4BXT3f72gXeVl0mC1aAWq2rMX4eKTWU/Q==
  dependencies:
    tslib "^1.9.3"

tslib@^1.9.3:
  version "1.9.3"
  resolved "https://registry.yarnpkg.com/tslib/-/tslib-1.9.3.tgz#d7e4dd79245d85428c4d7e4822a79917954ca286"
  integrity sha512-4krF8scpejhaOgqzBEcGM7yDIEfi0/8+8zDRZhNZZ2kjmHJ4hv3zCbQWxoJGz1iw5U0Jl0nma13xzHXcncMavQ==

vue-functional-data-merge@^2.0.7:
  version "2.0.7"
  resolved "https://registry.yarnpkg.com/vue-functional-data-merge/-/vue-functional-data-merge-2.0.7.tgz#bdee655181eacdcb1f96ce95a4cc14e75313d1da"
  integrity sha512-pvLc+H+x2prwBj/uSEIITyxjz/7ZUVVK8uYbrYMmhDvMXnzh9OvQvVEwcOSBQjsubd4Eq41/CSJaWzy4hemMNQ==

vue-graphql-loader@^0.3.3:
  version "0.3.3"
  resolved "https://registry.yarnpkg.com/vue-graphql-loader/-/vue-graphql-loader-0.3.3.tgz#81a8917c9c5acf049e5ce02ebe7edefc4023e318"
  integrity sha512-pHJFjwlxzKIh9gBC8Uk/xFF+Mt+UJU5tXL4Md1tluUZTBAalFRtlrBNz3PPwdYZ6xFVDCWXqp/28PEL1KhWt7g==
  dependencies:
    graphql "^14.0.0-rc.1"
    graphql-tag "^2.4.2"
    loader-utils "^1.1.0"

vue-i18n@^8.12.0:
  version "8.12.0"
  resolved "https://registry.yarnpkg.com/vue-i18n/-/vue-i18n-8.12.0.tgz#25b56e9fab7e78a0ff58b8b4fba336ad328cce11"
  integrity sha512-Wh40dvkYZH0CntkhQQEed7nY8P/8xOOHy5Bl9W/WmmmW0oLYIL66XWwOqlcnNbLaL5HGN7XISydYVqXS0Sst9w==

vue-image-lightbox@^6.2.0:
  version "6.2.0"
  resolved "https://registry.yarnpkg.com/vue-image-lightbox/-/vue-image-lightbox-6.2.0.tgz#f85f354e60cbe36fe5786b2cf672611ed44b39ff"
  integrity sha512-cHpZ7hal5OMr5vnKffU2JXsVAysZgqvPoPImp75oUBFEQ8+/vQv0UvAp5PHH4Fbz0uHbAzEs3EdWjBJhgbomMw==
  dependencies:
    "@babel/runtime" "^7.4.3"
    babel-loader "^8.0.5"
    hammerjs "^2.0.8"
    vue-lazyload "^1.2.6"

vue-lazyload@^1.2.6:
  version "1.2.6"
  resolved "https://registry.yarnpkg.com/vue-lazyload/-/vue-lazyload-1.2.6.tgz#baa04c172d52a812608eb12c7a6bfb14f5c91079"
  integrity sha512-6a61+pzwcfowhLRQiPdmRuJ40n/4fL/sEynu8KQZoCf5RVA0NH0X68vplLY0+lUM8mKNScYomaepV+hdjgnZhg==

vue@^2.6.10:
  version "2.6.10"
  resolved "https://registry.yarnpkg.com/vue/-/vue-2.6.10.tgz#a72b1a42a4d82a721ea438d1b6bf55e66195c637"
  integrity sha512-ImThpeNU9HbdZL3utgMCq0oiMzAkt1mcgy3/E6zWC/G6AaQoeuFdsl9nDhTDU3X1R6FK7nsIUuRACVcjI+A2GQ==

vuefront@^0.1.13:
  version "0.1.13"
  resolved "https://registry.yarnpkg.com/vuefront/-/vuefront-0.1.13.tgz#1a5a7ea35d69e05175707936fcd871829d6d81de"
  integrity sha512-H+Z8SoPhDqUsDTGq0PLH9vFq2SNklPKQRz/xPBF/XzGDTuliezejEOY0oY05NJqghrv+jEPnbqta7LLQPK012A==
  dependencies:
    "@fortawesome/fontawesome-free" "^5.9.0"
    axios "^0.19.0"
    bootstrap-vue "^2.0.0-rc.22"
    form-data "^2.3.3"
    lodash "^4.17.11"
    omit-deep-lodash "^1.1.4"
    tb-skeleton "^0.3.6"
    vue "^2.6.10"
    vue-image-lightbox "^6.2.0"
    vue-lazyload "^1.2.6"
    vuelidate "^0.7.4"
    vuex "^3.1.1"

vuelidate@^0.7.4:
  version "0.7.4"
  resolved "https://registry.yarnpkg.com/vuelidate/-/vuelidate-0.7.4.tgz#5a0e54be09ac0192f1aa3387d74b92e0945bf8aa"
  integrity sha512-QHZWYOL325Zo+2K7VBNEJTZ496Kd8Z31p85aQJFldKudUUGBmgw4zu4ghl4CyqPwjRCmqZ9lDdx4FSdMnu4fGg==

vuex@^3.1.1:
  version "3.1.1"
  resolved "https://registry.yarnpkg.com/vuex/-/vuex-3.1.1.tgz#0c264bfe30cdbccf96ab9db3177d211828a5910e"
  integrity sha512-ER5moSbLZuNSMBFnEBVGhQ1uCBNJslH9W/Dw2W7GZN23UQA69uapP5GTT9Vm8Trc0PzBSVt6LzF3hGjmv41xcg==

whatwg-fetch@>=0.10.0:
  version "3.0.0"
  resolved "https://registry.yarnpkg.com/whatwg-fetch/-/whatwg-fetch-3.0.0.tgz#fc804e458cc460009b1a2b966bc8817d2578aefb"
  integrity sha512-9GSJUgz1D4MfyKU7KRqwOjXCXTqWdFNvEr7eUBYchQiVc744mqK/MzXPNR2WsPkmkOa4ywfg8C2n8h+13Bey1Q==

zen-observable-ts@^0.8.18:
  version "0.8.18"
  resolved "https://registry.yarnpkg.com/zen-observable-ts/-/zen-observable-ts-0.8.18.tgz#ade44b1060cc4a800627856ec10b9c67f5f639c8"
  integrity sha512-q7d05s75Rn1j39U5Oapg3HI2wzriVwERVo4N7uFGpIYuHB9ff02P/E92P9B8T7QVC93jCMHpbXH7X0eVR5LA7A==
  dependencies:
    tslib "^1.9.3"
    zen-observable "^0.8.0"

zen-observable@^0.8.0:
  version "0.8.14"
  resolved "https://registry.yarnpkg.com/zen-observable/-/zen-observable-0.8.14.tgz#d33058359d335bc0db1f0af66158b32872af3bf7"
  integrity sha512-kQz39uonEjEESwh+qCi83kcC3rZJGh4mrZW7xjkSQYXkq//JZHTtKo+6yuVloTgMtzsIWOJrjIrKvk/dqm0L5g==
